
Microsoft Visual Studio Solution File, Format Version 12.00
# Visual Studio 15
VisualStudioVersion = 15.0.27703.2042
MinimumVisualStudioVersion = 10.0.40219.1
Project("{FAE04EC0-301F-11D3-BF4B-00C04F79EFBC}") = "CSharp", "CSharp\CSharp.csproj", "{B367CF20-F5E1-4032-84BE-082584514D4D}"
EndProject
Project("{FAE04EC0-301F-11D3-BF4B-00C04F79EFBC}") = "StudentDiary", "StudentDiary\StudentDiary.csproj", "{5F6A985E-CAF8-4C65-A0F9-C33F971F7022}"
EndProject
Project("{FAE04EC0-301F-11D3-BF4B-00C04F79EFBC}") = "Constructors", "Constructors\Constructors.csproj", "{95100CA8-36ED-4B61-9798-15A48271C805}"
EndProject
Global
	GlobalSection(SolutionConfigurationPlatforms) = preSolution
		Debug|Any CPU = Debug|Any CPU
		Release|Any CPU = Release|Any CPU
	EndGlobalSection
	GlobalSection(ProjectConfigurationPlatforms) = postSolution
		{B367CF20-F5E1-4032-84BE-082584514D4D}.Debug|Any CPU.ActiveCfg = Debug|Any CPU
		{B367CF20-F5E1-4032-84BE-082584514D4D}.Debug|Any CPU.Build.0 = Debug|Any CPU
		{B367CF20-F5E1-4032-84BE-082584514D4D}.Release|Any CPU.ActiveCfg = Release|Any CPU
		{B367CF20-F5E1-4032-84BE-082584514D4D}.Release|Any CPU.Build.0 = Release|Any CPU
		{5F6A985E-CAF8-4C65-A0F9-C33F971F7022}.Debug|Any CPU.ActiveCfg = Debug|Any CPU
		{5F6A985E-CAF8-4C65-A0F9-C33F971F7022}.Debug|Any CPU.Build.0 = Debug|Any CPU
		{5F6A985E-CAF8-4C65-A0F9-C33F971F7022}.Release|Any CPU.ActiveCfg = Release|Any CPU
		{5F6A985E-CAF8-4C65-A0F9-C33F971F7022}.Release|Any CPU.Build.0 = Release|Any CPU
		{95100CA8-36ED-4B61-9798-15A48271C805}.Debug|Any CPU.ActiveCfg = Debug|Any CPU
		{95100CA8-36ED-4B61-9798-15A48271C805}.Debug|Any CPU.Build.0 = Debug|Any CPU
		{95100CA8-36ED-4B61-9798-15A48271C805}.Release|Any CPU.ActiveCfg = Release|Any CPU
		{95100CA8-36ED-4B61-9798-15A48271C805}.Release|Any CPU.Build.0 = Release|Any CPU
	EndGlobalSection
	GlobalSection(SolutionProperties) = preSolution
		HideSolutionNode = FALSE
	EndGlobalSection
	GlobalSection(ExtensibilityGlobals) = postSolution
		SolutionGuid = {81E6EFA7-D8C1-4DF3-B79D-6EE01DB6002F}
	EndGlobalSection
EndGlobal
